// !$*UTF8*$!
{
	archiveVersion = 1;
	classes = {
	};
	objectVersion = 46;
	objects = {

/* Begin PBXBuildFile section */
		43EDD7141EE1E1EF009144D0 /* main.m in Sources */ = {isa = PBXBuildFile; fileRef = 43EDD7131EE1E1EF009144D0 /* main.m */; };
		43EDD7171EE1E1EF009144D0 /* AppDelegate.m in Sources */ = {isa = PBXBuildFile; fileRef = 43EDD7161EE1E1EF009144D0 /* AppDelegate.m */; };
		43EDD71A1EE1E1EF009144D0 /* ViewController.m in Sources */ = {isa = PBXBuildFile; fileRef = 43EDD7191EE1E1EF009144D0 /* ViewController.m */; };
		43EDD71D1EE1E1EF009144D0 /* Main.storyboard in Resources */ = {isa = PBXBuildFile; fileRef = 43EDD71B1EE1E1EF009144D0 /* Main.storyboard */; };
		43EDD71F1EE1E1EF009144D0 /* Assets.xcassets in Resources */ = {isa = PBXBuildFile; fileRef = 43EDD71E1EE1E1EF009144D0 /* Assets.xcassets */; };
		43EDD7221EE1E1EF009144D0 /* LaunchScreen.storyboard in Resources */ = {isa = PBXBuildFile; fileRef = 43EDD7201EE1E1EF009144D0 /* LaunchScreen.storyboard */; };
		43EDD72B1EE1EA10009144D0 /* LocalAuthentication.framework in Frameworks */ = {isa = PBXBuildFile; fileRef = 43EDD72A1EE1EA10009144D0 /* LocalAuthentication.framework */; };
/* End PBXBuildFile section */

/* Begin PBXFileReference section */
		43EDD70F1EE1E1EF009144D0 /* FingerPrintDemo.app */ = {isa = PBXFileReference; explicitFileType = wrapper.application; includeInIndex = 0; path = FingerPrintDemo.app; sourceTree = BUILT_PRODUCTS_DIR; };
		43EDD7131EE1E1EF009144D0 /* main.m */ = {isa = PBXFileReference; lastKnownFileType = sourcecode.c.objc; path = main.m; sourceTree = "<group>"; };
		43EDD7151EE1E1EF009144D0 /* AppDelegate.h */ = {isa = PBXFileReference; lastKnownFileType = sourcecode.c.h; path = AppDelegate.h; sourceTree = "<group>"; };
		43EDD7161EE1E1EF009144D0 /* AppDelegate.m */ = {isa = PBXFileReference; lastKnownFileType = sourcecode.c.objc; path = AppDelegate.m; sourceTree = "<group>"; };
		43EDD7181EE1E1EF009144D0 /* ViewController.h */ = {isa = PBXFileReference; lastKnownFileType = sourcecode.c.h; path = ViewController.h; sourceTree = "<group>"; };
		43EDD7191EE1E1EF009144D0 /* ViewController.m */ = {isa = PBXFileReference; lastKnownFileType = sourcecode.c.objc; path = ViewController.m; sourceTree = "<group>"; };
		43EDD71C1EE1E1EF009144D0 /* Base */ = {isa = PBXFileReference; lastKnownFileType = file.storyboard; name = Base; path = Base.lproj/Main.storyboard; sourceTree = "<group>"; };
		43EDD71E1EE1E1EF009144D0 /* Assets.xcassets */ = {isa = PBXFileReference; lastKnownFileType = folder.assetcatalog; path = Assets.xcassets; sourceTree = "<group>"; };
		43EDD7211EE1E1EF009144D0 /* Base */ = {isa = PBXFileReference; lastKnownFileType = file.storyboard; name = Base; path = Base.lproj/LaunchScreen.storyboard; sourceTree = "<group>"; };
		43EDD7231EE1E1EF009144D0 /* Info.plist */ = {isa = PBXFileReference; lastKnownFileType = text.plist.xml; path = Info.plist; sourceTree = "<group>"; };
		43EDD72A1EE1EA10009144D0 /* LocalAuthentication.framework */ = {isa = PBXFileReference; lastKnownFileType = wrapper.framework; name = LocalAuthentication.framework; path = System/Library/Frameworks/LocalAuthentication.framework; sourceTree = SDKROOT; };
/* End PBXFileReference section */

/* Begin PBXFrameworksBuildPhase section */
		43EDD70C1EE1E1EF009144D0 /* Frameworks */ = {
			isa = PBXFrameworksBuildPhase;
			buildActionMask = 2147483647;
			files = (
				43EDD72B1EE1EA10009144D0 /* LocalAuthentication.framework in Frameworks */,
			);
			runOnlyForDeploymentPostprocessing = 0;
		};
/* End PBXFrameworksBuildPhase section */

/* Begin PBXGroup section */
		43EDD7061EE1E1EF009144D0 = {
			isa = PBXGroup;
			children = (
				43EDD7111EE1E1EF009144D0 /* FingerPrintDemo */,
				43EDD7101EE1E1EF009144D0 /* Products */,
				43EDD7291EE1EA10009144D0 /* Frameworks */,
			);
			sourceTree = "<group>";
		};
		43EDD7101EE1E1EF009144D0 /* Products */ = {
			isa = PBXGroup;
			children = (
				43EDD70F1EE1E1EF009144D0 /* FingerPrintDemo.app */,
			);
			name = Products;
			sourceTree = "<group>";
		};
		43EDD7111EE1E1EF009144D0 /* FingerPrintDemo */ = {
			isa = PBXGroup;
			children = (
				43EDD7151EE1E1EF009144D0 /* AppDelegate.h */,
				43EDD7161EE1E1EF009144D0 /* AppDelegate.m */,
				43EDD7181EE1E1EF009144D0 /* ViewController.h */,
				43EDD7191EE1E1EF009144D0 /* ViewController.m */,
				43EDD71B1EE1E1EF009144D0 /* Main.storyboard */,
				43EDD71E1EE1E1EF009144D0 /* Assets.xcassets */,
				43EDD7201EE1E1EF009144D0 /* LaunchScreen.storyboard */,
				43EDD7231EE1E1EF009144D0 /* Info.plist */,
				43EDD7121EE1E1EF009144D0 /* Supporting Files */,
			);
			path = FingerPrintDemo;
			sourceTree = "<group>";
		};
		43EDD7121EE1E1EF009144D0 /* Supporting Files */ = {
			isa = PBXGroup;
			children = (
				43EDD7131EE1E1EF009144D0 /* main.m */,
			);
			name = "Supporting Files";
			sourceTree = "<group>";
		};
		43EDD7291EE1EA10009144D0 /* Frameworks */ = {
			isa = PBXGroup;
			children = (
				43EDD72A1EE1EA10009144D0 /* LocalAuthentication.framework */,
			);
			name = Frameworks;
			sourceTree = "<group>";
		};
/* End PBXGroup section */

/* Begin PBXNativeTarget section */
		43EDD70E1EE1E1EF009144D0 /* FingerPrintDemo */ = {
			isa = PBXNativeTarget;
			buildConfigurationList = 43EDD7261EE1E1EF009144D0 /* Build configuration list for PBXNativeTarget "FingerPrintDemo" */;
			buildPhases = (
				43EDD70B1EE1E1EF009144D0 /* Sources */,
				43EDD70C1EE1E1EF009144D0 /* Frameworks */,
				43EDD70D1EE1E1EF009144D0 /* Resources */,
			);
			buildRules = (
			);
			dependencies = (
			);
			name = FingerPrintDemo;
			productName = FingerPrintDemo;
			productReference = 43EDD70F1EE1E1EF009144D0 /* FingerPrintDemo.app */;
			productType = "com.apple.product-type.application";
		};
/* End PBXNativeTarget section */

/* Begin PBXProject section */
		43EDD7071EE1E1EF009144D0 /* Project object */ = {
			isa = PBXProject;
			attributes = {
				LastUpgradeCheck = 0820;
				ORGANIZATIONNAME = "Paparaidu Sanka";
				TargetAttributes = {
					43EDD70E1EE1E1EF009144D0 = {
						CreatedOnToolsVersion = 8.2;
						DevelopmentTeam = EKP6R7DDEX;
						ProvisioningStyle = Manual;
					};
				};
			};
			buildConfigurationList = 43EDD70A1EE1E1EF009144D0 /* Build configuration list for PBXProject "FingerPrintDemo" */;
			compatibilityVersion = "Xcode 3.2";
			developmentRegion = English;
			hasScannedForEncodings = 0;
			knownRegions = (
				en,
				Base,
			);
			mainGroup = 43EDD7061EE1E1EF009144D0;
			productRefGroup = 43EDD7101EE1E1EF009144D0 /* Products */;
			projectDirPath = "";
			projectRoot = "";
			targets = (
				43EDD70E1EE1E1EF009144D0 /* FingerPrintDemo */,
			);
		};
/* End PBXProject section */

/* Begin PBXResourcesBuildPhase section */
		43EDD70D1EE1E1EF009144D0 /* Resources */ = {
			isa = PBXResourcesBuildPhase;
			buildActionMask = 2147483647;
			files = (
				43EDD7221EE1E1EF009144D0 /* LaunchScreen.storyboard in Resources */,
				43EDD71F1EE1E1EF009144D0 /* Assets.xcassets in Resources */,
				43EDD71D1EE1E1EF009144D0 /* Main.storyboard in Resources */,
			);
			runOnlyForDeploymentPostprocessing = 0;
		};
/* End PBXResourcesBuildPhase section */

/* Begin PBXSourcesBuildPhase section */
		43EDD70B1EE1E1EF009144D0 /* Sources */ = {
			isa = PBXSourcesBuildPhase;
			buildActionMask = 2147483647;
			files = (
				43EDD71A1EE1E1EF009144D0 /* ViewController.m in Sources */,
				43EDD7171EE1E1EF009144D0 /* AppDelegate.m in Sources */,
				43EDD7141EE1E1EF009144D0 /* main.m in Sources */,
			);
			runOnlyForDeploymentPostprocessing = 0;
		};
/* End PBXSourcesBuildPhase section */

/* Begin PBXVariantGroup section */
		43EDD71B1EE1E1EF009144D0 /* Main.storyboard */ = {
			isa = PBXVariantGroup;
			children = (
				43EDD71C1EE1E1EF009144D0 /* Base */,
			);
			name = Main.storyboard;
			sourceTree = "<group>";
		};
		43EDD7201EE1E1EF009144D0 /* LaunchScreen.storyboard */ = {
			isa = PBXVariantGroup;
			children = (
				43EDD7211EE1E1EF009144D0 /* Base */,
			);
			name = LaunchScreen.storyboard;
			sourceTree = "<group>";
		};
/* End PBXVariantGroup section */

/* Begin XCBuildConfiguration section */
		43EDD7241EE1E1EF009144D0 /* Debug */ = {
			isa = XCBuildConfiguration;
			buildSettings = {
				ALWAYS_SEARCH_USER_PATHS = NO;
				CLANG_ANALYZER_NONNULL = YES;
				CLANG_CXX_LANGUAGE_STANDARD = "gnu++0x";
				CLANG_CXX_LIBRARY = "libc++";
				CLANG_ENABLE_MODULES = YES;
				CLANG_ENABLE_OBJC_ARC = YES;
				CLANG_WARN_BOOL_CONVERSION = YES;
				CLANG_WARN_CONSTANT_CONVERSION = YES;
				CLANG_WARN_DIRECT_OBJC_ISA_USAGE = YES_ERROR;
				CLANG_WARN_DOCUMENTATION_COMMENTS = YES;
				CLANG_WARN_EMPTY_BODY = YES;
				CLANG_WARN_ENUM_CONVERSION = YES;
				CLANG_WARN_INFINITE_RECURSION = YES;
				CLANG_WARN_INT_CONVERSION = YES;
				CLANG_WARN_OBJC_ROOT_CLASS = YES_ERROR;
				CLANG_WARN_SUSPICIOUS_MOVE = YES;
				CLANG_WARN_UNREACHABLE_CODE = YES;
				CLANG_WARN__DUPLICATE_METHOD_MATCH = YES;
				"CODE_SIGN_IDENTITY[sdk=iphoneos*]" = "iPhone Developer";
				COPY_PHASE_STRIP = NO;
				DEBUG_INFORMATION_FORMAT = dwarf;
				ENABLE_STRICT_OBJC_MSGSEND = YES;
				ENABLE_TESTABILITY = YES;
				GCC_C_LANGUAGE_STANDARD = gnu99;
				GCC_DYNAMIC_NO_PIC = NO;
				GCC_NO_COMMON_BLOCKS = YES;
				GCC_OPTIMIZATION_LEVEL = 0;
				GCC_PREPROCESSOR_DEFINITIONS = (
					"DEBUG=1",
					"$(inherited)",
				);
				GCC_WARN_64_TO_32_BIT_CONVERSION = YES;
				GCC_WARN_ABOUT_RETURN_TYPE = YES_ERROR;
				GCC_WARN_UNDECLARED_SELECTOR = YES;
				GCC_WARN_UNINITIALIZED_AUTOS = YES_AGGRESSIVE;
				GCC_WARN_UNUSED_FUNCTION = YES;
				GCC_WARN_UNUSED_VARIABLE = YES;
				IPHONEOS_DEPLOYMENT_TARGET = 10.2;
				MTL_ENABLE_DEBUG_INFO = YES;
				ONLY_ACTIVE_ARCH = YES;
				SDKROOT = iphoneos;
			};
			name = Debug;
		};
		43EDD7251EE1E1EF009144D0 /* Release */ = {
			isa = XCBuildConfiguration;
			buildSettings = {
				ALWAYS_SEARCH_USER_PATHS = NO;
				CLANG_ANALYZER_NONNULL = YES;
				CLANG_CXX_LANGUAGE_STANDARD = "gnu++0x";
				CLANG_CXX_LIBRARY = "libc++";
				CLANG_ENABLE_MODULES = YES;
				CLANG_ENABLE_OBJC_ARC = YES;
				CLANG_WARN_BOOL_CONVERSION = YES;
				CLANG_WARN_CONSTANT_CONVERSION = YES;
				CLANG_WARN_DIRECT_OBJC_ISA_USAGE = YES_ERROR;
				CLANG_WARN_DOCUMENTATION_COMMENTS = YES;
				CLANG_WARN_EMPTY_BODY = YES;
				CLANG_WARN_ENUM_CONVERSION = YES;
				CLANG_WARN_INFINITE_RECURSION = YES;
				CLANG_WARN_INT_CONVERSION = YES;
				CLANG_WARN_OBJC_ROOT_CLASS = YES_ERROR;
				CLANG_WARN_SUSPICIOUS_MOVE = YES;
				CLANG_WARN_UNREACHABLE_CODE = YES;
				CLANG_WARN__DUPLICATE_METHOD_MATCH = YES;
				"CODE_SIGN_IDENTITY[sdk=iphoneos*]" = "iPhone Developer";
				COPY_PHASE_STRIP = NO;
				DEBUG_INFORMATION_FORMAT = "dwarf-with-dsym";
				ENABLE_NS_ASSERTIONS = NO;
				ENABLE_STRICT_OBJC_MSGSEND = YES;
				GCC_C_LANGUAGE_STANDARD = gnu99;
				GCC_NO_COMMON_BLOCKS = YES;
				GCC_WARN_64_TO_32_BIT_CONVERSION = YES;
				GCC_WARN_ABOUT_RETURN_TYPE = YES_ERROR;
				GCC_WARN_UNDECLARED_SELECTOR = YES;
				GCC_WARN_UNINITIALIZED_AUTOS = YES_AGGRESSIVE;
				GCC_WARN_UNUSED_FUNCTION = YES;
				GCC_WARN_UNUSED_VARIABLE = YES;
				IPHONEOS_DEPLOYMENT_TARGET = 10.2;
				MTL_ENABLE_DEBUG_INFO = NO;
				SDKROOT = iphoneos;
				VALIDATE_PRODUCT = YES;
			};
			name = Release;
		};
		43EDD7271EE1E1EF009144D0 /* Debug */ = {
			isa = XCBuildConfiguration;
			buildSettings = {
				ASSETCATALOG_COMPILER_APPICON_NAME = AppIcon;
				"CODE_SIGN_IDENTITY[sdk=iphoneos*]" = "iPhone Developer";
				DEVELOPMENT_TEAM = EKP6R7DDEX;
				INFOPLIST_FILE = FingerPrintDemo/Info.plist;
				IPHONEOS_DEPLOYMENT_TARGET = 9.0;
				LD_RUNPATH_SEARCH_PATHS = "$(inherited) @executable_path/Frameworks";
				PRODUCT_BUNDLE_IDENTIFIER = com.QDiBrand.a1;
				PRODUCT_NAME = "$(TARGET_NAME)";
				PROVISIONING_PROFILE = "dbec7f06-63c8-4616-86c8-d38e7b864284";
				PROVISIONING_PROFILE_SPECIFIER = iBrandPP_Debug;
			};
			name = Debug;
		};
		43EDD7281EE1E1EF009144D0 /* Release */ = {
			isa = XCBuildConfiguration;
			buildSettings = {
				ASSETCATALOG_COMPILER_APPICON_NAME = AppIcon;
				"CODE_SIGN_IDENTITY[sdk=iphoneos*]" = "iPhone Developer";
				DEVELOPMENT_TEAM = EKP6R7DDEX;
				INFOPLIST_FILE = FingerPrintDemo/Info.plist;
				IPHONEOS_DEPLOYMENT_TARGET = 9.0;
				LD_RUNPATH_SEARCH_PATHS = "$(inherited) @executable_path/Frameworks";
				PRODUCT_BUNDLE_IDENTIFIER = com.QDiBrand.a1;
				PRODUCT_NAME = "$(TARGET_NAME)";
				PROVISIONING_PROFILE = "dbec7f06-63c8-4616-86c8-d38e7b864284";
				PROVISIONING_PROFILE_SPECIFIER = iBrandPP_Debug;
			};
			name = Release;
		};
/* End XCBuildConfiguration section */

/* Begin XCConfigurationList section */
		43EDD70A1EE1E1EF009144D0 /* Build configuration list for PBXProject "FingerPrintDemo" */ = {
			isa = XCConfigurationList;
			buildConfigurations = (
				43EDD7241EE1E1EF009144D0 /* Debug */,
				43EDD7251EE1E1EF009144D0 /* Release */,
			);
			defaultConfigurationIsVisible = 0;
			defaultConfigurationName = Release;
		};
		43EDD7261EE1E1EF009144D0 /* Build configuration list for PBXNativeTarget "FingerPrintDemo" */ = {
			isa = XCConfigurationList;
			buildConfigurations = (
				43EDD7271EE1E1EF009144D0 /* Debug */,
				43EDD7281EE1E1EF009144D0 /* Release */,
			);
			defaultConfigurationIsVisible = 0;
			defaultConfigurationName = Release;
		};
/* End XCConfigurationList section */
	};
	rootObject = 43EDD7071EE1E1EF009144D0 /* Project object */;
}
